{
    "_meta": {
        "hash": {
            "sha256": "48ccacb68559277104f115d60fba09b5f5a415bee1098f7d2563d3ad57985a00"
        },
        "pipfile-spec": 6,
        "requires": {
            "python_version": "3.8"
        },
        "sources": [
            {
                "name": "pypi",
                "url": "https://pypi.org/simple",
                "verify_ssl": true
            }
        ]
    },
    "default": {
        "click": {
            "hashes": [
                "sha256:d2b5255c7c6349bc1bd1e59e08cd12acbbd63ce649f2588755783aa94dfb6b1a",
                "sha256:dacca89f4bfadd5de3d7489b7c8a566eee0d3676333fbb50030263894c38c0dc"
            ],
            "markers": "python_version >= '2.7' and python_version not in '3.0, 3.1, 3.2, 3.3, 3.4'",
            "version": "==7.1.2"
        },
        "pillow": {
            "hashes": [
                "sha256:0295442429645fa16d05bd567ef5cff178482439c9aad0411d3f0ce9b88b3a6f",
                "sha256:06aba4169e78c439d528fdeb34762c3b61a70813527a2c57f0540541e9f433a8",
                "sha256:09d7f9e64289cb40c2c8d7ad674b2ed6105f55dc3b09aa8e4918e20a0311e7ad",
                "sha256:0a80dd307a5d8440b0a08bd7b81617e04d870e40a3e46a32d9c246e54705e86f",
                "sha256:1ca594126d3c4def54babee699c055a913efb01e106c309fa6b04405d474d5ae",
                "sha256:25930fadde8019f374400f7986e8404c8b781ce519da27792cbe46eabec00c4d",
                "sha256:431b15cffbf949e89df2f7b48528be18b78bfa5177cb3036284a5508159492b5",
                "sha256:52125833b070791fcb5710fabc640fc1df07d087fc0c0f02d3661f76c23c5b8b",
                "sha256:5e51ee2b8114def244384eda1c82b10e307ad9778dac5c83fb0943775a653cd8",
                "sha256:612cfda94e9c8346f239bf1a4b082fdd5c8143cf82d685ba2dba76e7adeeb233",
                "sha256:6d7741e65835716ceea0fd13a7d0192961212fd59e741a46bbed7a473c634ed6",
                "sha256:6edb5446f44d901e8683ffb25ebdfc26988ee813da3bf91e12252b57ac163727",
                "sha256:725aa6cfc66ce2857d585f06e9519a1cc0ef6d13f186ff3447ab6dff0a09bc7f",
                "sha256:8dad18b69f710bf3a001d2bf3afab7c432785d94fcf819c16b5207b1cfd17d38",
                "sha256:94cf49723928eb6070a892cb39d6c156f7b5a2db4e8971cb958f7b6b104fb4c4",
                "sha256:97f9e7953a77d5a70f49b9a48da7776dc51e9b738151b22dacf101641594a626",
                "sha256:9ad7f865eebde135d526bb3163d0b23ffff365cf87e767c649550964ad72785d",
                "sha256:9c87ef410a58dd54b92424ffd7e28fd2ec65d2f7fc02b76f5e9b2067e355ebf6",
                "sha256:a060cf8aa332052df2158e5a119303965be92c3da6f2d93b6878f0ebca80b2f6",
                "sha256:c79f9c5fb846285f943aafeafda3358992d64f0ef58566e23484132ecd8d7d63",
                "sha256:c92302a33138409e8f1ad16731568c55c9053eee71bb05b6b744067e1b62380f",
                "sha256:d08b23fdb388c0715990cbc06866db554e1822c4bdcf6d4166cf30ac82df8c41",
                "sha256:d350f0f2c2421e65fbc62690f26b59b0bcda1b614beb318c81e38647e0f673a1",
                "sha256:e901964262a56d9ea3c2693df68bc9860b8bdda2b04768821e4c44ae797de117",
                "sha256:ec29604081f10f16a7aea809ad42e27764188fc258b02259a03a8ff7ded3808d",
                "sha256:edf31f1150778abd4322444c393ab9c7bd2af271dd4dafb4208fb613b1f3cdc9",
                "sha256:f7e30c27477dffc3e85c2463b3e649f751789e0f6c8456099eea7ddd53be4a8a",
                "sha256:ffe538682dc19cc542ae7c3e504fdf54ca7f86fb8a135e59dd6bc8627eae6cce"
            ],
            "markers": "python_version >= '3.5'",
            "version": "==7.2.0"
        },
        "pypdf2": {
            "hashes": [
                "sha256:e28f902f2f0a1603ea95ebe21dff311ef09be3d0f0ef29a3e44a932729564385"
            ],
            "index": "pypi",
            "version": "==1.26.0"
        },
        "reportlab": {
            "hashes": [
                "sha256:0145233d3596fa5828972eb474b5a9f3fd5dea45d6f196fe006a7a7a461fcd03",
                "sha256:04fd4a129393006c4ba9cd9fff56b78ad60fe6702326e9260f55d4abac9f1df2",
                "sha256:067800caa12ea69e8df0a9206a7eda6697f91a33edb8413b778647d270bc9f34",
                "sha256:106a61093cf6084fbcb1272768f090b06137027e09c5e53c573c6c7b90216066",
                "sha256:13afbdca2b0844c19ee6804220bb96630f44ffa2571781de66a04e3f83609295",
                "sha256:155887770694a1febb4b1bcd2e2856c931225fa1fe8c5ef6772fce47c07f6204",
                "sha256:17c906bc410f5eef01795d709ad88663ab98447683d21b6e97bac9b366504a8a",
                "sha256:1880282b9a278b4df5139b2083b9116388d9e1fb4a438c60b3cc4ad983da1bc5",
                "sha256:2248f9c362f417d108329fdf5083ede1914757534f1b255d6c37a9a6d99c5efe",
                "sha256:2dc571be9d2fec76f8bddb540581429eb16057ff9101767d8b15166ad1de70db",
                "sha256:35dda0a1994a8fc009bf5826fe34dcdb15e561b05a5a01c506d949accfbdf027",
                "sha256:3858534058ab99fbedb34ceae31f85bbadeeb8e4dbb78a58927599a6f0422617",
                "sha256:4710d237fe9f729eacbbb7477d14eea00781704e0cdb83c789e610365e40627f",
                "sha256:49e32586d3a814a5f77407c0590504a72743ca278518b3c0f90182430f2d87af",
                "sha256:4cdb2ab88839f0d36364b71744b742e09699bde9b943aa35da26580831c3f106",
                "sha256:5e995f77124933d3e16ddc09f95ab36793083a1cb08ed2557811f8cfb254434b",
                "sha256:73bc92579692609837fb13f271f7436fdb7b6ddebb9e10185452d45814c365c3",
                "sha256:7931097db5f18e3ac6909a223e94dd3ad0258541f9802effa5b8f519ef9278e4",
                "sha256:7eb3d96adb309593bded364d25a32b80f9dc18b2f9a4b2001972194027a77eef",
                "sha256:886bdc7c13e6c6513696eb044000491c787fd53a486aa3adea060d34aa3cd028",
                "sha256:8c242a2be8d71ff18e11938cf45114d1144544984cd34fea0606f04144d62bea",
                "sha256:8f2759d2a81ee992054e7a1123cadd6baff4edecc1249e503bb6decd6b55e8ee",
                "sha256:9765c0eec5e6927aaccf6bd460fe24a014d35a3979f2c7507644fd5946775921",
                "sha256:9c7173def03fd3048f07bce00d4ca4793efc37239811d9b3eb77edb561363cd2",
                "sha256:a1d0e20cae86c6ba5e6626a9e07eca4d298341adfee778f87d5837bc76912135",
                "sha256:a5398e7af6136c25a34569132e7e2646c72a2f89e53028ef109fb03b5a2923a6",
                "sha256:a690fe672aa51ee3a6ff4c96d2f5d9744d3b6f27c999a795b9c513923f875bfc",
                "sha256:b18ea3593d4edc7f05c510ab298d48548d9a4473a643f37661b1669365d7d33c",
                "sha256:b727050ec5dfc4baeded07199d4640156f360ff4624b0194d8e91b234fc0c26b",
                "sha256:be53e8423f35d3c80b0560aec034226fdab5623bb4d64b962c3f04b65980b3e0",
                "sha256:c70e9c9cfdc0596c3912e0d147f42e83c7ac5642ac82d6fe05d85a6326bae14d",
                "sha256:ce7c13eb469f864085a546881a3bc9b46e20a73dc1a43b9e84153833e628dee3",
                "sha256:d6bd4d59f4b558165f05f9f7dfad37b9d788bcc05c0b37a6b0fcb6165d6893ec",
                "sha256:d75114965cc84ee51aaf3d7eda90f3554f3ac67350ebacd1dbb9193a7a525e21",
                "sha256:d78fdb967bd7652515d9a23ff3088e32e32ef96332737696e9eb0fda5602bf81",
                "sha256:d930a3de0fa9711b9c960dee92ff2b30c3f69568f00f0244834fe28d5563ea9b",
                "sha256:e32af1e47076a3fc77e6be5f7e2c8cbbc82fe493a5cd3f6190c0f8980c401e59",
                "sha256:e50de7d196f2d3940f3fdea0f30bf67929686d57285b3779fb071d05a810d65f",
                "sha256:e7b7e4a0ce0f455a4777528a8a316e87cc6cf887eaa2a4e6a0cc103f031c57c2",
                "sha256:e8dd01462a1bb41b6806aa93a703100d3fbba760f8feca96fcec710db9384a25"
            ],
            "index": "pypi",
            "version": "==3.5.53"
        },
        "typer": {
            "hashes": [
                "sha256:5455d750122cff96745b0dec87368f56d023725a7ebc9d2e54dd23dc86816303",
                "sha256:ba58b920ce851b12a2d790143009fa00ac1d05b3ff3257061ff69dbdfc3d161b"
            ],
            "index": "pypi",
            "version": "==0.3.2"
        }
    },
    "develop": {}
}
