{
  "name": "covid19-stats",
  "version": "1.0.0",
  "lockfileVersion": 1,
  "requires": true,
  "dependencies": {
    "async": {
      "version": "0.9.2",
      "resolved": "https://registry.npmjs.org/async/-/async-0.9.2.tgz",
      "integrity": "sha1-rqdNXmHB+JlhO/ZL2mbUx48v0X0="
    },
    "axios": {
      "version": "0.23.0",
      "resolved": "https://registry.npmjs.org/axios/-/axios-0.23.0.tgz",
      "integrity": "sha512-NmvAE4i0YAv5cKq8zlDoPd1VLKAqX5oLuZKs8xkJa4qi6RGn0uhCYFjWtHHC9EM/MwOwYWOs53W+V0aqEXq1sg==",
      "requires": {
        "follow-redirects": "^1.14.4"
      }
    },
    "colors": {
      "version": "1.4.0",
      "resolved": "https://registry.npmjs.org/colors/-/colors-1.4.0.tgz",
      "integrity": "sha512-a+UqTh4kgZg/SlGvfbzDHpgRu7AAQOmmqRHJnxhRZICKFUT91brVhNNt58CMWU9PsBbv3PDCZUHbVxuDiH2mtA=="
    },
    "cycle": {
      "version": "1.0.3",
      "resolved": "https://registry.npmjs.org/cycle/-/cycle-1.0.3.tgz",
      "integrity": "sha1-IegLK+hYD5i0aPN5QwZisEbDStI="
    },
    "eyes": {
      "version": "0.1.8",
      "resolved": "https://registry.npmjs.org/eyes/-/eyes-0.1.8.tgz",
      "integrity": "sha1-Ys8SAjTGg3hdkCNIqADvPgzCC8A="
    },
    "follow-redirects": {
      "version": "1.14.4",
      "resolved": "https://registry.npmjs.org/follow-redirects/-/follow-redirects-1.14.4.tgz",
      "integrity": "sha512-zwGkiSXC1MUJG/qmeIFH2HBJx9u0V46QGUe3YR1fXG8bXQxq7fLj0RjLZQ5nubr9qNJUZrH+xUcwXEoXNpfS+g=="
    },
    "isstream": {
      "version": "0.1.2",
      "resolved": "https://registry.npmjs.org/isstream/-/isstream-0.1.2.tgz",
      "integrity": "sha1-R+Y/evVa+m+S4VAOaQ64uFKcCZo="
    },
    "mute-stream": {
      "version": "0.0.8",
      "resolved": "https://registry.npmjs.org/mute-stream/-/mute-stream-0.0.8.tgz",
      "integrity": "sha512-nnbWWOkoWyUsTjKrhgD0dcz22mdkSnpYqbEjIm2nhwhuxlSkpywJmBo8h0ZqJdkp73mb90SssHkN4rsRaBAfAA=="
    },
    "prompt": {
      "version": "1.2.0",
      "resolved": "https://registry.npmjs.org/prompt/-/prompt-1.2.0.tgz",
      "integrity": "sha512-iGerYRpRUg5ZyC+FJ/25G5PUKuWAGRjW1uOlhX7Pi3O5YygdK6R+KEaBjRbHSkU5vfS5PZCltSPZdDtUYwRCZA==",
      "requires": {
        "async": "~0.9.0",
        "colors": "^1.1.2",
        "read": "1.0.x",
        "revalidator": "0.1.x",
        "winston": "2.x"
      }
    },
    "read": {
      "version": "1.0.7",
      "resolved": "https://registry.npmjs.org/read/-/read-1.0.7.tgz",
      "integrity": "sha1-s9oZvQUkMal2cdRKQmNK33ELQMQ=",
      "requires": {
        "mute-stream": "~0.0.4"
      }
    },
    "revalidator": {
      "version": "0.1.8",
      "resolved": "https://registry.npmjs.org/revalidator/-/revalidator-0.1.8.tgz",
      "integrity": "sha1-/s5hv6DBtSoga9axgZgYS91SOjs="
    },
    "stack-trace": {
      "version": "0.0.10",
      "resolved": "https://registry.npmjs.org/stack-trace/-/stack-trace-0.0.10.tgz",
      "integrity": "sha1-VHxws0fo0ytOEI6hoqFZ5f3eGcA="
    },
    "winston": {
      "version": "2.4.5",
      "resolved": "https://registry.npmjs.org/winston/-/winston-2.4.5.tgz",
      "integrity": "sha512-TWoamHt5yYvsMarGlGEQE59SbJHqGsZV8/lwC+iCcGeAe0vUaOh+Lv6SYM17ouzC/a/LB1/hz/7sxFBtlu1l4A==",
      "requires": {
        "async": "~1.0.0",
        "colors": "1.0.x",
        "cycle": "1.0.x",
        "eyes": "0.1.x",
        "isstream": "0.1.x",
        "stack-trace": "0.0.x"
      },
      "dependencies": {
        "async": {
          "version": "1.0.0",
          "resolved": "https://registry.npmjs.org/async/-/async-1.0.0.tgz",
          "integrity": "sha1-+PwEyjoTeErenhZBr5hXjPvWR6k="
        },
        "colors": {
          "version": "1.0.3",
          "resolved": "https://registry.npmjs.org/colors/-/colors-1.0.3.tgz",
          "integrity": "sha1-BDP0TYCWgP3rYO0mDxsMJi6CpAs="
        }
      }
    }
  }
}
